
Microsoft Visual Studio Solution File, Format Version 12.00
# Visual Studio Version 16
VisualStudioVersion = 16.0.31105.61
MinimumVisualStudioVersion = 10.0.40219.1
Project("{FAE04EC0-301F-11D3-BF4B-00C04F79EFBC}") = "clase1", "clase1\clase1.csproj", "{64132F6C-39C2-482E-B0BC-D1B8A40EC26D}"
EndProject
Global
	GlobalSection(SolutionConfigurationPlatforms) = preSolution
		Debug|Any CPU = Debug|Any CPU
		Release|Any CPU = Release|Any CPU
	EndGlobalSection
	GlobalSection(ProjectConfigurationPlatforms) = postSolution
		{64132F6C-39C2-482E-B0BC-D1B8A40EC26D}.Debug|Any CPU.ActiveCfg = Debug|Any CPU
		{64132F6C-39C2-482E-B0BC-D1B8A40EC26D}.Debug|Any CPU.Build.0 = Debug|Any CPU
		{64132F6C-39C2-482E-B0BC-D1B8A40EC26D}.Release|Any CPU.ActiveCfg = Release|Any CPU
		{64132F6C-39C2-482E-B0BC-D1B8A40EC26D}.Release|Any CPU.Build.0 = Release|Any CPU
	EndGlobalSection
	GlobalSection(SolutionProperties) = preSolution
		HideSolutionNode = FALSE
	EndGlobalSection
	GlobalSection(ExtensibilityGlobals) = postSolution
		SolutionGuid = {DB07B117-AA73-42D5-9AC1-F171339666A0}
	EndGlobalSection
EndGlobal
